{
  "originHash" : "533de208f7207fdd36b99a2f0036707fca012c23defe0e4e99a820106aff336d",
  "pins" : [
    {
      "identity" : "purchases-ios-spm",
      "kind" : "remoteSourceControl",
      "location" : "https://github.com/RevenueCat/purchases-ios-spm.git",
      "state" : {
        "revision" : "2d95eedc59c06fa6349aab7a506f0950ac0a563b",
        "version" : "5.50.1"
      }
    }
  ],
  "version" : 3
}
